
Microsoft Visual Studio Solution File, Format Version 12.00
# Visual Studio 2013
<<<<<<< HEAD
VisualStudioVersion = 12.0.30324.0
=======
VisualStudioVersion = 12.0.30501.0
>>>>>>> c3ffcfdffde5f2319008670bd185752c61565fb8
MinimumVisualStudioVersion = 10.0.40219.1
Project("{FAE04EC0-301F-11D3-BF4B-00C04F79EFBC}") = "urTribeWebAPI", "urTribeWebAPI\urTribeWebAPI.csproj", "{CC26760A-E958-4AC9-8FA4-1CEC452E5DB7}"
EndProject
Project("{2150E333-8FDC-42A3-9474-1A3956D46DE8}") = "Solution Items", "Solution Items", "{4B854902-D082-4787-9D8A-B9876EC42278}"
	ProjectSection(SolutionItems) = preProject
		urTribeWebAPI\urTriberServiceRegister.ps1 = urTribeWebAPI\urTriberServiceRegister.ps1
		urTribeWebAPI\urTribeWebAPI.msbuild = urTribeWebAPI\urTribeWebAPI.msbuild
	EndProjectSection
EndProject
Project("{FAE04EC0-301F-11D3-BF4B-00C04F79EFBC}") = "urTribeWebAPI.Test", "urTribeWebAPI.Test\urTribeWebAPI.Test.csproj", "{66859DC0-4BE4-4A9E-8F5D-79640299A1A8}"
	ProjectSection(ProjectDependencies) = postProject
		{5503F096-D876-480B-B05F-CFD91876786D} = {5503F096-D876-480B-B05F-CFD91876786D}
		{D6E5D0B3-CD11-41BD-9E85-4E1C31401710} = {D6E5D0B3-CD11-41BD-9E85-4E1C31401710}
	EndProjectSection
EndProject
Project("{FAE04EC0-301F-11D3-BF4B-00C04F79EFBC}") = "urTribeWebAPI.Common", "urTribeWebAPI.Common\urTribeWebAPI.Common.csproj", "{D6E5D0B3-CD11-41BD-9E85-4E1C31401710}"
EndProject
Project("{FAE04EC0-301F-11D3-BF4B-00C04F79EFBC}") = "urTribeWebAPI.DAL", "urTribeWebAPI.DAL\urTribeWebAPI.DAL.csproj", "{5503F096-D876-480B-B05F-CFD91876786D}"
	ProjectSection(ProjectDependencies) = postProject
		{D6E5D0B3-CD11-41BD-9E85-4E1C31401710} = {D6E5D0B3-CD11-41BD-9E85-4E1C31401710}
	EndProjectSection
EndProject
Project("{2150E333-8FDC-42A3-9474-1A3956D46DE8}") = ".nuget", ".nuget", "{63DABE52-89C8-4B64-A33A-ECC0ACDABBDA}"
	ProjectSection(SolutionItems) = preProject
		.nuget\NuGet.Config = .nuget\NuGet.Config
		.nuget\NuGet.exe = .nuget\NuGet.exe
		.nuget\NuGet.targets = .nuget\NuGet.targets
	EndProjectSection
EndProject
Project("{FAE04EC0-301F-11D3-BF4B-00C04F79EFBC}") = "urTribeWindowService", "urTribeWindowService\urTribeWindowService.csproj", "{88EF48DC-FA8D-49CF-B19B-4F7A1F506C86}"
	ProjectSection(ProjectDependencies) = postProject
		{CC26760A-E958-4AC9-8FA4-1CEC452E5DB7} = {CC26760A-E958-4AC9-8FA4-1CEC452E5DB7}
	EndProjectSection
EndProject
Project("{FAE04EC0-301F-11D3-BF4B-00C04F79EFBC}") = "urTribeWebAPI.BAL", "urTribeWebAPI.BAL\urTribeWebAPI.BAL\urTribeWebAPI.BAL.csproj", "{8A749581-68D7-42C4-8B5C-D2C44711D7D2}"
EndProject
Project("{FAE04EC0-301F-11D3-BF4B-00C04F79EFBC}") = "urTribeWebAPI.Messaging", "ClassLibrary1\urTribeWebAPI.Messaging.csproj", "{45AF9444-0F0F-4611-9B1E-55C45A58DF9C}"
EndProject
Global
	GlobalSection(SolutionConfigurationPlatforms) = preSolution
		Debug|Any CPU = Debug|Any CPU
		Release|Any CPU = Release|Any CPU
	EndGlobalSection
	GlobalSection(ProjectConfigurationPlatforms) = postSolution
		{CC26760A-E958-4AC9-8FA4-1CEC452E5DB7}.Debug|Any CPU.ActiveCfg = Debug|Any CPU
		{CC26760A-E958-4AC9-8FA4-1CEC452E5DB7}.Debug|Any CPU.Build.0 = Debug|Any CPU
		{CC26760A-E958-4AC9-8FA4-1CEC452E5DB7}.Release|Any CPU.ActiveCfg = Release|Any CPU
		{CC26760A-E958-4AC9-8FA4-1CEC452E5DB7}.Release|Any CPU.Build.0 = Release|Any CPU
		{66859DC0-4BE4-4A9E-8F5D-79640299A1A8}.Debug|Any CPU.ActiveCfg = Debug|Any CPU
		{66859DC0-4BE4-4A9E-8F5D-79640299A1A8}.Debug|Any CPU.Build.0 = Debug|Any CPU
		{66859DC0-4BE4-4A9E-8F5D-79640299A1A8}.Release|Any CPU.ActiveCfg = Release|Any CPU
		{66859DC0-4BE4-4A9E-8F5D-79640299A1A8}.Release|Any CPU.Build.0 = Release|Any CPU
		{D6E5D0B3-CD11-41BD-9E85-4E1C31401710}.Debug|Any CPU.ActiveCfg = Debug|Any CPU
		{D6E5D0B3-CD11-41BD-9E85-4E1C31401710}.Debug|Any CPU.Build.0 = Debug|Any CPU
		{D6E5D0B3-CD11-41BD-9E85-4E1C31401710}.Release|Any CPU.ActiveCfg = Release|Any CPU
		{D6E5D0B3-CD11-41BD-9E85-4E1C31401710}.Release|Any CPU.Build.0 = Release|Any CPU
		{5503F096-D876-480B-B05F-CFD91876786D}.Debug|Any CPU.ActiveCfg = Debug|Any CPU
		{5503F096-D876-480B-B05F-CFD91876786D}.Debug|Any CPU.Build.0 = Debug|Any CPU
		{5503F096-D876-480B-B05F-CFD91876786D}.Release|Any CPU.ActiveCfg = Release|Any CPU
		{5503F096-D876-480B-B05F-CFD91876786D}.Release|Any CPU.Build.0 = Release|Any CPU
		{88EF48DC-FA8D-49CF-B19B-4F7A1F506C86}.Debug|Any CPU.ActiveCfg = Debug|Any CPU
		{88EF48DC-FA8D-49CF-B19B-4F7A1F506C86}.Debug|Any CPU.Build.0 = Debug|Any CPU
		{88EF48DC-FA8D-49CF-B19B-4F7A1F506C86}.Release|Any CPU.ActiveCfg = Release|Any CPU
		{88EF48DC-FA8D-49CF-B19B-4F7A1F506C86}.Release|Any CPU.Build.0 = Release|Any CPU
		{8A749581-68D7-42C4-8B5C-D2C44711D7D2}.Debug|Any CPU.ActiveCfg = Debug|Any CPU
		{8A749581-68D7-42C4-8B5C-D2C44711D7D2}.Debug|Any CPU.Build.0 = Debug|Any CPU
		{8A749581-68D7-42C4-8B5C-D2C44711D7D2}.Release|Any CPU.ActiveCfg = Release|Any CPU
		{8A749581-68D7-42C4-8B5C-D2C44711D7D2}.Release|Any CPU.Build.0 = Release|Any CPU
		{45AF9444-0F0F-4611-9B1E-55C45A58DF9C}.Debug|Any CPU.ActiveCfg = Debug|Any CPU
		{45AF9444-0F0F-4611-9B1E-55C45A58DF9C}.Debug|Any CPU.Build.0 = Debug|Any CPU
		{45AF9444-0F0F-4611-9B1E-55C45A58DF9C}.Release|Any CPU.ActiveCfg = Release|Any CPU
		{45AF9444-0F0F-4611-9B1E-55C45A58DF9C}.Release|Any CPU.Build.0 = Release|Any CPU
	EndGlobalSection
	GlobalSection(SolutionProperties) = preSolution
		HideSolutionNode = FALSE
	EndGlobalSection
EndGlobal
