
Microsoft Visual Studio Solution File, Format Version 12.00
# Visual Studio 2013
VisualStudioVersion = 12.0.30110.0
MinimumVisualStudioVersion = 10.0.40219.1
Project("{FAE04EC0-301F-11D3-BF4B-00C04F79EFBC}") = "urTribeWebAPI", "urTribeWebAPI\urTribeWebAPI.csproj", "{CC26760A-E958-4AC9-8FA4-1CEC452E5DB7}"
EndProject
Project("{2150E333-8FDC-42A3-9474-1A3956D46DE8}") = "Solution Items", "Solution Items", "{4B854902-D082-4787-9D8A-B9876EC42278}"
	ProjectSection(SolutionItems) = preProject
		urTribeWebAPI\urTribeWebAPI.msbuild = urTribeWebAPI\urTribeWebAPI.msbuild
	EndProjectSection
EndProject
Project("{FAE04EC0-301F-11D3-BF4B-00C04F79EFBC}") = "urTribeWebAPI.Test", "urTribeWebAPI.Test\urTribeWebAPI.Test.csproj", "{66859DC0-4BE4-4A9E-8F5D-79640299A1A8}"
	ProjectSection(ProjectDependencies) = postProject
		{5503F096-D876-480B-B05F-CFD91876786D} = {5503F096-D876-480B-B05F-CFD91876786D}
		{D6E5D0B3-CD11-41BD-9E85-4E1C31401710} = {D6E5D0B3-CD11-41BD-9E85-4E1C31401710}
	EndProjectSection
EndProject
Project("{FAE04EC0-301F-11D3-BF4B-00C04F79EFBC}") = "urTribeWebAPI.Common", "urTribeWebAPI.Common\urTribeWebAPI.Common.csproj", "{D6E5D0B3-CD11-41BD-9E85-4E1C31401710}"
EndProject
Project("{FAE04EC0-301F-11D3-BF4B-00C04F79EFBC}") = "urTribeWebAPI.DAL", "urTribeWebAPI.DAL\urTribeWebAPI.DAL.csproj", "{5503F096-D876-480B-B05F-CFD91876786D}"
	ProjectSection(ProjectDependencies) = postProject
		{D6E5D0B3-CD11-41BD-9E85-4E1C31401710} = {D6E5D0B3-CD11-41BD-9E85-4E1C31401710}
	EndProjectSection
EndProject
Project("{2150E333-8FDC-42A3-9474-1A3956D46DE8}") = ".nuget", ".nuget", "{63DABE52-89C8-4B64-A33A-ECC0ACDABBDA}"
	ProjectSection(SolutionItems) = preProject
		.nuget\NuGet.Config = .nuget\NuGet.Config
		.nuget\NuGet.exe = .nuget\NuGet.exe
		.nuget\NuGet.targets = .nuget\NuGet.targets
	EndProjectSection
EndProject
Global
	GlobalSection(SolutionConfigurationPlatforms) = preSolution
		Debug|Any CPU = Debug|Any CPU
		Release|Any CPU = Release|Any CPU
	EndGlobalSection
	GlobalSection(ProjectConfigurationPlatforms) = postSolution
		{CC26760A-E958-4AC9-8FA4-1CEC452E5DB7}.Debug|Any CPU.ActiveCfg = Debug|Any CPU
		{CC26760A-E958-4AC9-8FA4-1CEC452E5DB7}.Debug|Any CPU.Build.0 = Debug|Any CPU
		{CC26760A-E958-4AC9-8FA4-1CEC452E5DB7}.Release|Any CPU.ActiveCfg = Release|Any CPU
		{CC26760A-E958-4AC9-8FA4-1CEC452E5DB7}.Release|Any CPU.Build.0 = Release|Any CPU
		{66859DC0-4BE4-4A9E-8F5D-79640299A1A8}.Debug|Any CPU.ActiveCfg = Debug|Any CPU
		{66859DC0-4BE4-4A9E-8F5D-79640299A1A8}.Debug|Any CPU.Build.0 = Debug|Any CPU
		{66859DC0-4BE4-4A9E-8F5D-79640299A1A8}.Release|Any CPU.ActiveCfg = Release|Any CPU
		{66859DC0-4BE4-4A9E-8F5D-79640299A1A8}.Release|Any CPU.Build.0 = Release|Any CPU
		{D6E5D0B3-CD11-41BD-9E85-4E1C31401710}.Debug|Any CPU.ActiveCfg = Debug|Any CPU
		{D6E5D0B3-CD11-41BD-9E85-4E1C31401710}.Debug|Any CPU.Build.0 = Debug|Any CPU
		{D6E5D0B3-CD11-41BD-9E85-4E1C31401710}.Release|Any CPU.ActiveCfg = Release|Any CPU
		{D6E5D0B3-CD11-41BD-9E85-4E1C31401710}.Release|Any CPU.Build.0 = Release|Any CPU
		{5503F096-D876-480B-B05F-CFD91876786D}.Debug|Any CPU.ActiveCfg = Debug|Any CPU
		{5503F096-D876-480B-B05F-CFD91876786D}.Debug|Any CPU.Build.0 = Debug|Any CPU
		{5503F096-D876-480B-B05F-CFD91876786D}.Release|Any CPU.ActiveCfg = Release|Any CPU
		{5503F096-D876-480B-B05F-CFD91876786D}.Release|Any CPU.Build.0 = Release|Any CPU
	EndGlobalSection
	GlobalSection(SolutionProperties) = preSolution
		HideSolutionNode = FALSE
	EndGlobalSection
EndGlobal
